
Microsoft Visual Studio Solution File, Format Version 12.00
# Visual Studio Version 16
VisualStudioVersion = 16.0.28922.388
MinimumVisualStudioVersion = 10.0.40219.1
Project("{9A19103F-16F7-4668-BE54-9A1E7A4F7556}") = "Example", "Example\Example.csproj", "{9161B0EF-D829-49B4-8250-4C1913D3A753}"
EndProject
Project("{FAE04EC0-301F-11D3-BF4B-00C04F79EFBC}") = "Example.Domain", "Example.Domain\Example.Domain.csproj", "{896A9EAA-DA40-4181-9F3B-66FB08FB6C8E}"
EndProject
Project("{FAE04EC0-301F-11D3-BF4B-00C04F79EFBC}") = "Example.Persistence", "Example.Persistence\Example.Persistence.csproj", "{D229E503-9496-4C81-8731-0310BD684F68}"
EndProject
Global
	GlobalSection(SolutionConfigurationPlatforms) = preSolution
		Debug|Any CPU = Debug|Any CPU
		Release|Any CPU = Release|Any CPU
	EndGlobalSection
	GlobalSection(ProjectConfigurationPlatforms) = postSolution
		{9161B0EF-D829-49B4-8250-4C1913D3A753}.Debug|Any CPU.ActiveCfg = Debug|Any CPU
		{9161B0EF-D829-49B4-8250-4C1913D3A753}.Debug|Any CPU.Build.0 = Debug|Any CPU
		{9161B0EF-D829-49B4-8250-4C1913D3A753}.Release|Any CPU.ActiveCfg = Release|Any CPU
		{9161B0EF-D829-49B4-8250-4C1913D3A753}.Release|Any CPU.Build.0 = Release|Any CPU
		{896A9EAA-DA40-4181-9F3B-66FB08FB6C8E}.Debug|Any CPU.ActiveCfg = Debug|Any CPU
		{896A9EAA-DA40-4181-9F3B-66FB08FB6C8E}.Debug|Any CPU.Build.0 = Debug|Any CPU
		{896A9EAA-DA40-4181-9F3B-66FB08FB6C8E}.Release|Any CPU.ActiveCfg = Release|Any CPU
		{896A9EAA-DA40-4181-9F3B-66FB08FB6C8E}.Release|Any CPU.Build.0 = Release|Any CPU
		{D229E503-9496-4C81-8731-0310BD684F68}.Debug|Any CPU.ActiveCfg = Debug|Any CPU
		{D229E503-9496-4C81-8731-0310BD684F68}.Debug|Any CPU.Build.0 = Debug|Any CPU
		{D229E503-9496-4C81-8731-0310BD684F68}.Release|Any CPU.ActiveCfg = Release|Any CPU
		{D229E503-9496-4C81-8731-0310BD684F68}.Release|Any CPU.Build.0 = Release|Any CPU
	EndGlobalSection
	GlobalSection(SolutionProperties) = preSolution
		HideSolutionNode = FALSE
	EndGlobalSection
	GlobalSection(ExtensibilityGlobals) = postSolution
		SolutionGuid = {A5424C8C-89CF-4284-8E39-53144A34902D}
	EndGlobalSection
EndGlobal
